
Microsoft Visual Studio Solution File, Format Version 12.00
# Visual Studio Version 16
VisualStudioVersion = 16.0.31829.152
MinimumVisualStudioVersion = 10.0.40219.1
Project("{8BC9CEB8-8B4A-11D0-8D11-00A0C91BC942}") = "LuaJAJT", "LuaJAJT\LuaJAJT.vcxproj", "{86EED506-088D-45E3-8200-2B213C8B7D58}"
EndProject
Global
	GlobalSection(SolutionConfigurationPlatforms) = preSolution
		Debug|x64 = Debug|x64
		Debug|x86 = Debug|x86
		Release|x64 = Release|x64
		Release|x86 = Release|x86
	EndGlobalSection
	GlobalSection(ProjectConfigurationPlatforms) = postSolution
		{86EED506-088D-45E3-8200-2B213C8B7D58}.Debug|x64.ActiveCfg = Debug|x64
		{86EED506-088D-45E3-8200-2B213C8B7D58}.Debug|x64.Build.0 = Debug|x64
		{86EED506-088D-45E3-8200-2B213C8B7D58}.Debug|x86.ActiveCfg = Debug|Win32
		{86EED506-088D-45E3-8200-2B213C8B7D58}.Debug|x86.Build.0 = Debug|Win32
		{86EED506-088D-45E3-8200-2B213C8B7D58}.Release|x64.ActiveCfg = Release|x64
		{86EED506-088D-45E3-8200-2B213C8B7D58}.Release|x64.Build.0 = Release|x64
		{86EED506-088D-45E3-8200-2B213C8B7D58}.Release|x86.ActiveCfg = Release|Win32
		{86EED506-088D-45E3-8200-2B213C8B7D58}.Release|x86.Build.0 = Release|Win32
	EndGlobalSection
	GlobalSection(SolutionProperties) = preSolution
		HideSolutionNode = FALSE
	EndGlobalSection
	GlobalSection(ExtensibilityGlobals) = postSolution
		SolutionGuid = {38D94AA1-D5E8-44EC-9E9E-DFA670923553}
	EndGlobalSection
EndGlobal
